// !$*UTF8*$!
{
	archiveVersion = 1;
	classes = {
	};
	objectVersion = 50;
	objects = {

/* Begin PBXBuildFile section */
		CE087F83242BCA19000C1C87 /* AppDelegate.swift in Sources */ = {isa = PBXBuildFile; fileRef = CE087F82242BCA19000C1C87 /* AppDelegate.swift */; };
		CE087F85242BCA19000C1C87 /* art.scnassets in Resources */ = {isa = PBXBuildFile; fileRef = CE087F84242BCA19000C1C87 /* art.scnassets */; };
		CE087F87242BCA19000C1C87 /* ViewController.swift in Sources */ = {isa = PBXBuildFile; fileRef = CE087F86242BCA19000C1C87 /* ViewController.swift */; };
		CE087F8A242BCA19000C1C87 /* Main.storyboard in Resources */ = {isa = PBXBuildFile; fileRef = CE087F88242BCA19000C1C87 /* Main.storyboard */; };
		CE087F8C242BCA1E000C1C87 /* Assets.xcassets in Resources */ = {isa = PBXBuildFile; fileRef = CE087F8B242BCA1E000C1C87 /* Assets.xcassets */; };
		CE087F8F242BCA1E000C1C87 /* LaunchScreen.storyboard in Resources */ = {isa = PBXBuildFile; fileRef = CE087F8D242BCA1E000C1C87 /* LaunchScreen.storyboard */; };
		CE087F97242BD6FF000C1C87 /* Car.obj in Resources */ = {isa = PBXBuildFile; fileRef = CE087F96242BD6FF000C1C87 /* Car.obj */; };
/* End PBXBuildFile section */

/* Begin PBXFileReference section */
		CE087F7F242BCA19000C1C87 /* 3D App.app */ = {isa = PBXFileReference; explicitFileType = wrapper.application; includeInIndex = 0; path = "3D App.app"; sourceTree = BUILT_PRODUCTS_DIR; };
		CE087F82242BCA19000C1C87 /* AppDelegate.swift */ = {isa = PBXFileReference; lastKnownFileType = sourcecode.swift; path = AppDelegate.swift; sourceTree = "<group>"; };
		CE087F84242BCA19000C1C87 /* art.scnassets */ = {isa = PBXFileReference; lastKnownFileType = wrapper.scnassets; path = art.scnassets; sourceTree = "<group>"; };
		CE087F86242BCA19000C1C87 /* ViewController.swift */ = {isa = PBXFileReference; lastKnownFileType = sourcecode.swift; path = ViewController.swift; sourceTree = "<group>"; };
		CE087F89242BCA19000C1C87 /* Base */ = {isa = PBXFileReference; lastKnownFileType = file.storyboard; name = Base; path = Base.lproj/Main.storyboard; sourceTree = "<group>"; };
		CE087F8B242BCA1E000C1C87 /* Assets.xcassets */ = {isa = PBXFileReference; lastKnownFileType = folder.assetcatalog; path = Assets.xcassets; sourceTree = "<group>"; };
		CE087F8E242BCA1E000C1C87 /* Base */ = {isa = PBXFileReference; lastKnownFileType = file.storyboard; name = Base; path = Base.lproj/LaunchScreen.storyboard; sourceTree = "<group>"; };
		CE087F90242BCA1E000C1C87 /* Info.plist */ = {isa = PBXFileReference; lastKnownFileType = text.plist.xml; path = Info.plist; sourceTree = "<group>"; };
		CE087F96242BD6FF000C1C87 /* Car.obj */ = {isa = PBXFileReference; fileEncoding = 4; lastKnownFileType = text; path = Car.obj; sourceTree = "<group>"; };
/* End PBXFileReference section */

/* Begin PBXFrameworksBuildPhase section */
		CE087F7C242BCA19000C1C87 /* Frameworks */ = {
			isa = PBXFrameworksBuildPhase;
			buildActionMask = 2147483647;
			files = (
			);
			runOnlyForDeploymentPostprocessing = 0;
		};
/* End PBXFrameworksBuildPhase section */

/* Begin PBXGroup section */
		CE087F76242BCA19000C1C87 = {
			isa = PBXGroup;
			children = (
				CE087F81242BCA19000C1C87 /* 3D App */,
				CE087F80242BCA19000C1C87 /* Products */,
			);
			sourceTree = "<group>";
		};
		CE087F80242BCA19000C1C87 /* Products */ = {
			isa = PBXGroup;
			children = (
				CE087F7F242BCA19000C1C87 /* 3D App.app */,
			);
			name = Products;
			sourceTree = "<group>";
		};
		CE087F81242BCA19000C1C87 /* 3D App */ = {
			isa = PBXGroup;
			children = (
				CE087F82242BCA19000C1C87 /* AppDelegate.swift */,
				CE087F84242BCA19000C1C87 /* art.scnassets */,
				CE087F86242BCA19000C1C87 /* ViewController.swift */,
				CE087F88242BCA19000C1C87 /* Main.storyboard */,
				CE087F8B242BCA1E000C1C87 /* Assets.xcassets */,
				CE087F8D242BCA1E000C1C87 /* LaunchScreen.storyboard */,
				CE087F90242BCA1E000C1C87 /* Info.plist */,
				CE087F96242BD6FF000C1C87 /* Car.obj */,
			);
			path = "3D App";
			sourceTree = "<group>";
		};
/* End PBXGroup section */

/* Begin PBXNativeTarget section */
		CE087F7E242BCA19000C1C87 /* 3D App */ = {
			isa = PBXNativeTarget;
			buildConfigurationList = CE087F93242BCA1E000C1C87 /* Build configuration list for PBXNativeTarget "3D App" */;
			buildPhases = (
				CE087F7B242BCA19000C1C87 /* Sources */,
				CE087F7C242BCA19000C1C87 /* Frameworks */,
				CE087F7D242BCA19000C1C87 /* Resources */,
			);
			buildRules = (
			);
			dependencies = (
			);
			name = "3D App";
			productName = "3D App";
			productReference = CE087F7F242BCA19000C1C87 /* 3D App.app */;
			productType = "com.apple.product-type.application";
		};
/* End PBXNativeTarget section */

/* Begin PBXProject section */
		CE087F77242BCA19000C1C87 /* Project object */ = {
			isa = PBXProject;
			attributes = {
				LastSwiftUpdateCheck = 1130;
				LastUpgradeCheck = 1130;
				ORGANIZATIONNAME = "Manuel Gutierrez";
				TargetAttributes = {
					CE087F7E242BCA19000C1C87 = {
						CreatedOnToolsVersion = 11.3.1;
					};
				};
			};
			buildConfigurationList = CE087F7A242BCA19000C1C87 /* Build configuration list for PBXProject "3D App" */;
			compatibilityVersion = "Xcode 9.3";
			developmentRegion = en;
			hasScannedForEncodings = 0;
			knownRegions = (
				en,
				Base,
			);
			mainGroup = CE087F76242BCA19000C1C87;
			productRefGroup = CE087F80242BCA19000C1C87 /* Products */;
			projectDirPath = "";
			projectRoot = "";
			targets = (
				CE087F7E242BCA19000C1C87 /* 3D App */,
			);
		};
/* End PBXProject section */

/* Begin PBXResourcesBuildPhase section */
		CE087F7D242BCA19000C1C87 /* Resources */ = {
			isa = PBXResourcesBuildPhase;
			buildActionMask = 2147483647;
			files = (
				CE087F85242BCA19000C1C87 /* art.scnassets in Resources */,
				CE087F8F242BCA1E000C1C87 /* LaunchScreen.storyboard in Resources */,
				CE087F8C242BCA1E000C1C87 /* Assets.xcassets in Resources */,
				CE087F97242BD6FF000C1C87 /* Car.obj in Resources */,
				CE087F8A242BCA19000C1C87 /* Main.storyboard in Resources */,
			);
			runOnlyForDeploymentPostprocessing = 0;
		};
/* End PBXResourcesBuildPhase section */

/* Begin PBXSourcesBuildPhase section */
		CE087F7B242BCA19000C1C87 /* Sources */ = {
			isa = PBXSourcesBuildPhase;
			buildActionMask = 2147483647;
			files = (
				CE087F87242BCA19000C1C87 /* ViewController.swift in Sources */,
				CE087F83242BCA19000C1C87 /* AppDelegate.swift in Sources */,
			);
			runOnlyForDeploymentPostprocessing = 0;
		};
/* End PBXSourcesBuildPhase section */

/* Begin PBXVariantGroup section */
		CE087F88242BCA19000C1C87 /* Main.storyboard */ = {
			isa = PBXVariantGroup;
			children = (
				CE087F89242BCA19000C1C87 /* Base */,
			);
			name = Main.storyboard;
			sourceTree = "<group>";
		};
		CE087F8D242BCA1E000C1C87 /* LaunchScreen.storyboard */ = {
			isa = PBXVariantGroup;
			children = (
				CE087F8E242BCA1E000C1C87 /* Base */,
			);
			name = LaunchScreen.storyboard;
			sourceTree = "<group>";
		};
/* End PBXVariantGroup section */

/* Begin XCBuildConfiguration section */
		CE087F91242BCA1E000C1C87 /* Debug */ = {
			isa = XCBuildConfiguration;
			buildSettings = {
				ALWAYS_SEARCH_USER_PATHS = NO;
				CLANG_ANALYZER_NONNULL = YES;
				CLANG_ANALYZER_NUMBER_OBJECT_CONVERSION = YES_AGGRESSIVE;
				CLANG_CXX_LANGUAGE_STANDARD = "gnu++14";
				CLANG_CXX_LIBRARY = "libc++";
				CLANG_ENABLE_MODULES = YES;
				CLANG_ENABLE_OBJC_ARC = YES;
				CLANG_ENABLE_OBJC_WEAK = YES;
				CLANG_WARN_BLOCK_CAPTURE_AUTORELEASING = YES;
				CLANG_WARN_BOOL_CONVERSION = YES;
				CLANG_WARN_COMMA = YES;
				CLANG_WARN_CONSTANT_CONVERSION = YES;
				CLANG_WARN_DEPRECATED_OBJC_IMPLEMENTATIONS = YES;
				CLANG_WARN_DIRECT_OBJC_ISA_USAGE = YES_ERROR;
				CLANG_WARN_DOCUMENTATION_COMMENTS = YES;
				CLANG_WARN_EMPTY_BODY = YES;
				CLANG_WARN_ENUM_CONVERSION = YES;
				CLANG_WARN_INFINITE_RECURSION = YES;
				CLANG_WARN_INT_CONVERSION = YES;
				CLANG_WARN_NON_LITERAL_NULL_CONVERSION = YES;
				CLANG_WARN_OBJC_IMPLICIT_RETAIN_SELF = YES;
				CLANG_WARN_OBJC_LITERAL_CONVERSION = YES;
				CLANG_WARN_OBJC_ROOT_CLASS = YES_ERROR;
				CLANG_WARN_RANGE_LOOP_ANALYSIS = YES;
				CLANG_WARN_STRICT_PROTOTYPES = YES;
				CLANG_WARN_SUSPICIOUS_MOVE = YES;
				CLANG_WARN_UNGUARDED_AVAILABILITY = YES_AGGRESSIVE;
				CLANG_WARN_UNREACHABLE_CODE = YES;
				CLANG_WARN__DUPLICATE_METHOD_MATCH = YES;
				COPY_PHASE_STRIP = NO;
				DEBUG_INFORMATION_FORMAT = dwarf;
				ENABLE_STRICT_OBJC_MSGSEND = YES;
				ENABLE_TESTABILITY = YES;
				GCC_C_LANGUAGE_STANDARD = gnu11;
				GCC_DYNAMIC_NO_PIC = NO;
				GCC_NO_COMMON_BLOCKS = YES;
				GCC_OPTIMIZATION_LEVEL = 0;
				GCC_PREPROCESSOR_DEFINITIONS = (
					"DEBUG=1",
					"$(inherited)",
				);
				GCC_WARN_64_TO_32_BIT_CONVERSION = YES;
				GCC_WARN_ABOUT_RETURN_TYPE = YES_ERROR;
				GCC_WARN_UNDECLARED_SELECTOR = YES;
				GCC_WARN_UNINITIALIZED_AUTOS = YES_AGGRESSIVE;
				GCC_WARN_UNUSED_FUNCTION = YES;
				GCC_WARN_UNUSED_VARIABLE = YES;
				IPHONEOS_DEPLOYMENT_TARGET = 13.2;
				MTL_ENABLE_DEBUG_INFO = INCLUDE_SOURCE;
				MTL_FAST_MATH = YES;
				ONLY_ACTIVE_ARCH = YES;
				SDKROOT = iphoneos;
				SWIFT_ACTIVE_COMPILATION_CONDITIONS = DEBUG;
				SWIFT_OPTIMIZATION_LEVEL = "-Onone";
			};
			name = Debug;
		};
		CE087F92242BCA1E000C1C87 /* Release */ = {
			isa = XCBuildConfiguration;
			buildSettings = {
				ALWAYS_SEARCH_USER_PATHS = NO;
				CLANG_ANALYZER_NONNULL = YES;
				CLANG_ANALYZER_NUMBER_OBJECT_CONVERSION = YES_AGGRESSIVE;
				CLANG_CXX_LANGUAGE_STANDARD = "gnu++14";
				CLANG_CXX_LIBRARY = "libc++";
				CLANG_ENABLE_MODULES = YES;
				CLANG_ENABLE_OBJC_ARC = YES;
				CLANG_ENABLE_OBJC_WEAK = YES;
				CLANG_WARN_BLOCK_CAPTURE_AUTORELEASING = YES;
				CLANG_WARN_BOOL_CONVERSION = YES;
				CLANG_WARN_COMMA = YES;
				CLANG_WARN_CONSTANT_CONVERSION = YES;
				CLANG_WARN_DEPRECATED_OBJC_IMPLEMENTATIONS = YES;
				CLANG_WARN_DIRECT_OBJC_ISA_USAGE = YES_ERROR;
				CLANG_WARN_DOCUMENTATION_COMMENTS = YES;
				CLANG_WARN_EMPTY_BODY = YES;
				CLANG_WARN_ENUM_CONVERSION = YES;
				CLANG_WARN_INFINITE_RECURSION = YES;
				CLANG_WARN_INT_CONVERSION = YES;
				CLANG_WARN_NON_LITERAL_NULL_CONVERSION = YES;
				CLANG_WARN_OBJC_IMPLICIT_RETAIN_SELF = YES;
				CLANG_WARN_OBJC_LITERAL_CONVERSION = YES;
				CLANG_WARN_OBJC_ROOT_CLASS = YES_ERROR;
				CLANG_WARN_RANGE_LOOP_ANALYSIS = YES;
				CLANG_WARN_STRICT_PROTOTYPES = YES;
				CLANG_WARN_SUSPICIOUS_MOVE = YES;
				CLANG_WARN_UNGUARDED_AVAILABILITY = YES_AGGRESSIVE;
				CLANG_WARN_UNREACHABLE_CODE = YES;
				CLANG_WARN__DUPLICATE_METHOD_MATCH = YES;
				COPY_PHASE_STRIP = NO;
				DEBUG_INFORMATION_FORMAT = "dwarf-with-dsym";
				ENABLE_NS_ASSERTIONS = NO;
				ENABLE_STRICT_OBJC_MSGSEND = YES;
				GCC_C_LANGUAGE_STANDARD = gnu11;
				GCC_NO_COMMON_BLOCKS = YES;
				GCC_WARN_64_TO_32_BIT_CONVERSION = YES;
				GCC_WARN_ABOUT_RETURN_TYPE = YES_ERROR;
				GCC_WARN_UNDECLARED_SELECTOR = YES;
				GCC_WARN_UNINITIALIZED_AUTOS = YES_AGGRESSIVE;
				GCC_WARN_UNUSED_FUNCTION = YES;
				GCC_WARN_UNUSED_VARIABLE = YES;
				IPHONEOS_DEPLOYMENT_TARGET = 13.2;
				MTL_ENABLE_DEBUG_INFO = NO;
				MTL_FAST_MATH = YES;
				SDKROOT = iphoneos;
				SWIFT_COMPILATION_MODE = wholemodule;
				SWIFT_OPTIMIZATION_LEVEL = "-O";
				VALIDATE_PRODUCT = YES;
			};
			name = Release;
		};
		CE087F94242BCA1E000C1C87 /* Debug */ = {
			isa = XCBuildConfiguration;
			buildSettings = {
				ASSETCATALOG_COMPILER_APPICON_NAME = AppIcon;
				CODE_SIGN_STYLE = Automatic;
				DEVELOPMENT_TEAM = 6C39R2KP2J;
				INFOPLIST_FILE = "3D App/Info.plist";
				LD_RUNPATH_SEARCH_PATHS = (
					"$(inherited)",
					"@executable_path/Frameworks",
				);
				PRODUCT_BUNDLE_IDENTIFIER = "Manuel-Gutierrez.-D-App";
				PRODUCT_NAME = "$(TARGET_NAME)";
				SWIFT_VERSION = 5.0;
				TARGETED_DEVICE_FAMILY = "1,2";
			};
			name = Debug;
		};
		CE087F95242BCA1E000C1C87 /* Release */ = {
			isa = XCBuildConfiguration;
			buildSettings = {
				ASSETCATALOG_COMPILER_APPICON_NAME = AppIcon;
				CODE_SIGN_STYLE = Automatic;
				DEVELOPMENT_TEAM = 6C39R2KP2J;
				INFOPLIST_FILE = "3D App/Info.plist";
				LD_RUNPATH_SEARCH_PATHS = (
					"$(inherited)",
					"@executable_path/Frameworks",
				);
				PRODUCT_BUNDLE_IDENTIFIER = "Manuel-Gutierrez.-D-App";
				PRODUCT_NAME = "$(TARGET_NAME)";
				SWIFT_VERSION = 5.0;
				TARGETED_DEVICE_FAMILY = "1,2";
			};
			name = Release;
		};
/* End XCBuildConfiguration section */

/* Begin XCConfigurationList section */
		CE087F7A242BCA19000C1C87 /* Build configuration list for PBXProject "3D App" */ = {
			isa = XCConfigurationList;
			buildConfigurations = (
				CE087F91242BCA1E000C1C87 /* Debug */,
				CE087F92242BCA1E000C1C87 /* Release */,
			);
			defaultConfigurationIsVisible = 0;
			defaultConfigurationName = Release;
		};
		CE087F93242BCA1E000C1C87 /* Build configuration list for PBXNativeTarget "3D App" */ = {
			isa = XCConfigurationList;
			buildConfigurations = (
				CE087F94242BCA1E000C1C87 /* Debug */,
				CE087F95242BCA1E000C1C87 /* Release */,
			);
			defaultConfigurationIsVisible = 0;
			defaultConfigurationName = Release;
		};
/* End XCConfigurationList section */
	};
	rootObject = CE087F77242BCA19000C1C87 /* Project object */;
}
